
Microsoft Visual Studio Solution File, Format Version 12.00
# Visual Studio Version 17
VisualStudioVersion = 17.7.34024.191
MinimumVisualStudioVersion = 10.0.40219.1
Project("{9A19103F-16F7-4668-BE54-9A1E7A4F7556}") = "SistemaGestionUI", "SistemaGestionEF\SistemaGestionUI.csproj", "{70A680B7-8FB8-41EB-BCCE-7EAC35D96A8D}"
EndProject
Project("{9A19103F-16F7-4668-BE54-9A1E7A4F7556}") = "SistemaGestionBussiness", "SistemaGestionBussiness\SistemaGestionBussiness.csproj", "{5D890FA6-1A1C-4E3A-8B17-6CD1693054F8}"
EndProject
Project("{9A19103F-16F7-4668-BE54-9A1E7A4F7556}") = "SistemaGestionData", "SistemaGestionData\SistemaGestionData.csproj", "{F87CDA76-7597-4314-9643-1A5B91543FB4}"
EndProject
Project("{9A19103F-16F7-4668-BE54-9A1E7A4F7556}") = "SistemaGestionEntities", "SistemaGestionEntities\SistemaGestionEntities.csproj", "{DC6DEE5B-2EDE-48D3-9160-DBF8446A2FF6}"
EndProject
Project("{FAE04EC0-301F-11D3-BF4B-00C04F79EFBC}") = "SistemaGestionEfApi", "SistemaGestionEfApi\SistemaGestionEfApi.csproj", "{DF0E3B9C-C297-4389-A27D-BD83BE2CDEAD}"
EndProject
Global
	GlobalSection(SolutionConfigurationPlatforms) = preSolution
		Debug|Any CPU = Debug|Any CPU
		Release|Any CPU = Release|Any CPU
	EndGlobalSection
	GlobalSection(ProjectConfigurationPlatforms) = postSolution
		{70A680B7-8FB8-41EB-BCCE-7EAC35D96A8D}.Debug|Any CPU.ActiveCfg = Debug|Any CPU
		{70A680B7-8FB8-41EB-BCCE-7EAC35D96A8D}.Debug|Any CPU.Build.0 = Debug|Any CPU
		{70A680B7-8FB8-41EB-BCCE-7EAC35D96A8D}.Release|Any CPU.ActiveCfg = Release|Any CPU
		{70A680B7-8FB8-41EB-BCCE-7EAC35D96A8D}.Release|Any CPU.Build.0 = Release|Any CPU
		{5D890FA6-1A1C-4E3A-8B17-6CD1693054F8}.Debug|Any CPU.ActiveCfg = Debug|Any CPU
		{5D890FA6-1A1C-4E3A-8B17-6CD1693054F8}.Debug|Any CPU.Build.0 = Debug|Any CPU
		{5D890FA6-1A1C-4E3A-8B17-6CD1693054F8}.Release|Any CPU.ActiveCfg = Release|Any CPU
		{5D890FA6-1A1C-4E3A-8B17-6CD1693054F8}.Release|Any CPU.Build.0 = Release|Any CPU
		{F87CDA76-7597-4314-9643-1A5B91543FB4}.Debug|Any CPU.ActiveCfg = Debug|Any CPU
		{F87CDA76-7597-4314-9643-1A5B91543FB4}.Debug|Any CPU.Build.0 = Debug|Any CPU
		{F87CDA76-7597-4314-9643-1A5B91543FB4}.Release|Any CPU.ActiveCfg = Release|Any CPU
		{F87CDA76-7597-4314-9643-1A5B91543FB4}.Release|Any CPU.Build.0 = Release|Any CPU
		{DC6DEE5B-2EDE-48D3-9160-DBF8446A2FF6}.Debug|Any CPU.ActiveCfg = Debug|Any CPU
		{DC6DEE5B-2EDE-48D3-9160-DBF8446A2FF6}.Debug|Any CPU.Build.0 = Debug|Any CPU
		{DC6DEE5B-2EDE-48D3-9160-DBF8446A2FF6}.Release|Any CPU.ActiveCfg = Release|Any CPU
		{DC6DEE5B-2EDE-48D3-9160-DBF8446A2FF6}.Release|Any CPU.Build.0 = Release|Any CPU
		{DF0E3B9C-C297-4389-A27D-BD83BE2CDEAD}.Debug|Any CPU.ActiveCfg = Debug|Any CPU
		{DF0E3B9C-C297-4389-A27D-BD83BE2CDEAD}.Debug|Any CPU.Build.0 = Debug|Any CPU
		{DF0E3B9C-C297-4389-A27D-BD83BE2CDEAD}.Release|Any CPU.ActiveCfg = Release|Any CPU
		{DF0E3B9C-C297-4389-A27D-BD83BE2CDEAD}.Release|Any CPU.Build.0 = Release|Any CPU
	EndGlobalSection
	GlobalSection(SolutionProperties) = preSolution
		HideSolutionNode = FALSE
	EndGlobalSection
	GlobalSection(ExtensibilityGlobals) = postSolution
		SolutionGuid = {00C6EC35-1730-4FDE-B452-A191C2DC6D89}
	EndGlobalSection
EndGlobal
